
Microsoft Visual Studio Solution File, Format Version 12.00
# Visual Studio 15
VisualStudioVersion = 15.0.28010.2036
MinimumVisualStudioVersion = 10.0.40219.1
Project("{FAE04EC0-301F-11D3-BF4B-00C04F79EFBC}") = "PoolLight.App", "PoolLight.App\PoolLight.App.csproj", "{C2A7A363-7BBD-4042-90F4-C91230C38966}"
EndProject
Global
	GlobalSection(SolutionConfigurationPlatforms) = preSolution
		Debug|ARM = Debug|ARM
		Debug|x64 = Debug|x64
		Debug|x86 = Debug|x86
		Release|ARM = Release|ARM
		Release|x64 = Release|x64
		Release|x86 = Release|x86
	EndGlobalSection
	GlobalSection(ProjectConfigurationPlatforms) = postSolution
		{C2A7A363-7BBD-4042-90F4-C91230C38966}.Debug|ARM.ActiveCfg = Debug|ARM
		{C2A7A363-7BBD-4042-90F4-C91230C38966}.Debug|ARM.Build.0 = Debug|ARM
		{C2A7A363-7BBD-4042-90F4-C91230C38966}.Debug|ARM.Deploy.0 = Debug|ARM
		{C2A7A363-7BBD-4042-90F4-C91230C38966}.Debug|x64.ActiveCfg = Debug|x64
		{C2A7A363-7BBD-4042-90F4-C91230C38966}.Debug|x64.Build.0 = Debug|x64
		{C2A7A363-7BBD-4042-90F4-C91230C38966}.Debug|x64.Deploy.0 = Debug|x64
		{C2A7A363-7BBD-4042-90F4-C91230C38966}.Debug|x86.ActiveCfg = Debug|x86
		{C2A7A363-7BBD-4042-90F4-C91230C38966}.Debug|x86.Build.0 = Debug|x86
		{C2A7A363-7BBD-4042-90F4-C91230C38966}.Debug|x86.Deploy.0 = Debug|x86
		{C2A7A363-7BBD-4042-90F4-C91230C38966}.Release|ARM.ActiveCfg = Release|ARM
		{C2A7A363-7BBD-4042-90F4-C91230C38966}.Release|ARM.Build.0 = Release|ARM
		{C2A7A363-7BBD-4042-90F4-C91230C38966}.Release|ARM.Deploy.0 = Release|ARM
		{C2A7A363-7BBD-4042-90F4-C91230C38966}.Release|x64.ActiveCfg = Release|x64
		{C2A7A363-7BBD-4042-90F4-C91230C38966}.Release|x64.Build.0 = Release|x64
		{C2A7A363-7BBD-4042-90F4-C91230C38966}.Release|x64.Deploy.0 = Release|x64
		{C2A7A363-7BBD-4042-90F4-C91230C38966}.Release|x86.ActiveCfg = Release|x86
		{C2A7A363-7BBD-4042-90F4-C91230C38966}.Release|x86.Build.0 = Release|x86
		{C2A7A363-7BBD-4042-90F4-C91230C38966}.Release|x86.Deploy.0 = Release|x86
	EndGlobalSection
	GlobalSection(SolutionProperties) = preSolution
		HideSolutionNode = FALSE
	EndGlobalSection
	GlobalSection(ExtensibilityGlobals) = postSolution
		SolutionGuid = {A3552E19-AE96-4811-8D29-6259DEF52DAF}
	EndGlobalSection
EndGlobal
